
Microsoft Visual Studio Solution File, Format Version 12.00
# Visual Studio Version 16
VisualStudioVersion = 16.0.31321.278
MinimumVisualStudioVersion = 10.0.40219.1
Project("{9A19103F-16F7-4668-BE54-9A1E7A4F7556}") = "CaculatorApiCorrect", "CaculatorApiCorrect\CaculatorApiCorrect.csproj", "{DE00C51D-7C7E-4DE5-82F4-514EEB65D0A7}"
	ProjectSection(ProjectDependencies) = postProject
		{DCFC56E0-01A7-4D01-B791-FC331C2C6238} = {DCFC56E0-01A7-4D01-B791-FC331C2C6238}
	EndProjectSection
EndProject
Project("{FAE04EC0-301F-11D3-BF4B-00C04F79EFBC}") = "CrudCalculator", "CrudCalculator\CrudCalculator.csproj", "{DCFC56E0-01A7-4D01-B791-FC331C2C6238}"
EndProject
Global
	GlobalSection(SolutionConfigurationPlatforms) = preSolution
		Debug|Any CPU = Debug|Any CPU
		Release|Any CPU = Release|Any CPU
	EndGlobalSection
	GlobalSection(ProjectConfigurationPlatforms) = postSolution
		{DE00C51D-7C7E-4DE5-82F4-514EEB65D0A7}.Debug|Any CPU.ActiveCfg = Debug|Any CPU
		{DE00C51D-7C7E-4DE5-82F4-514EEB65D0A7}.Debug|Any CPU.Build.0 = Debug|Any CPU
		{DE00C51D-7C7E-4DE5-82F4-514EEB65D0A7}.Release|Any CPU.ActiveCfg = Release|Any CPU
		{DE00C51D-7C7E-4DE5-82F4-514EEB65D0A7}.Release|Any CPU.Build.0 = Release|Any CPU
		{DCFC56E0-01A7-4D01-B791-FC331C2C6238}.Debug|Any CPU.ActiveCfg = Debug|Any CPU
		{DCFC56E0-01A7-4D01-B791-FC331C2C6238}.Debug|Any CPU.Build.0 = Debug|Any CPU
		{DCFC56E0-01A7-4D01-B791-FC331C2C6238}.Release|Any CPU.ActiveCfg = Release|Any CPU
		{DCFC56E0-01A7-4D01-B791-FC331C2C6238}.Release|Any CPU.Build.0 = Release|Any CPU
	EndGlobalSection
	GlobalSection(SolutionProperties) = preSolution
		HideSolutionNode = FALSE
	EndGlobalSection
	GlobalSection(ExtensibilityGlobals) = postSolution
		SolutionGuid = {DACE60D7-6E55-4F29-BDCA-FA80B74D46F6}
	EndGlobalSection
EndGlobal
